{
  "name": "next-atlasboard",
  "version": "1.1.4",
  "lockfileVersion": 1,
  "requires": true,
  "dependencies": {
    "ejs": {
      "version": "2.5.7",
      "resolved": "https://registry.npmjs.org/ejs/-/ejs-2.5.7.tgz",
      "integrity": "sha1-zIcsFoiArjxxiXYv1f/ACJbJUYo="
    },
    "semver": {
      "version": "github:npm/node-semver#ec6f97ad9bb4e8ffe9100c2f331f4e0015a24212"
    }
  }
}
